
Microsoft Visual Studio Solution File, Format Version 12.00
# Visual Studio 2012
Project("{FAE04EC0-301F-11D3-BF4B-00C04F79EFBC}") = "FurnitureRentalSystem", "FurnitureRentalSystem\FurnitureRentalSystem.csproj", "{A100C1E5-9420-47E3-BE4D-870D67E2FEBE}"
EndProject
Global
	GlobalSection(SolutionConfigurationPlatforms) = preSolution
		Debug|Any CPU = Debug|Any CPU
		Release|Any CPU = Release|Any CPU
	EndGlobalSection
	GlobalSection(ProjectConfigurationPlatforms) = postSolution
		{A100C1E5-9420-47E3-BE4D-870D67E2FEBE}.Debug|Any CPU.ActiveCfg = Debug|Any CPU
		{A100C1E5-9420-47E3-BE4D-870D67E2FEBE}.Debug|Any CPU.Build.0 = Debug|Any CPU
		{A100C1E5-9420-47E3-BE4D-870D67E2FEBE}.Release|Any CPU.ActiveCfg = Release|Any CPU
		{A100C1E5-9420-47E3-BE4D-870D67E2FEBE}.Release|Any CPU.Build.0 = Release|Any CPU
	EndGlobalSection
	GlobalSection(SolutionProperties) = preSolution
		HideSolutionNode = FALSE
	EndGlobalSection
EndGlobal
